<Solution>
  <Project Path="VoorraadWebshop.Api/VoorraadWebshop.Api.csproj" />
  <Project Path="VoorraadWebshop.Core/VoorraadWebshop.Core.csproj" />
  <Project Path="VoorraadWebshop.Infrastructure/VoorraadWebshop.Infrastructure.csproj" />
  <Project Path="VoorraadWebshop.Tests/VoorraadWebshop.Tests.csproj" />
</Solution>
